
Microsoft Visual Studio Solution File, Format Version 12.00
# Visual Studio Version 17
VisualStudioVersion = 17.5.33530.505
MinimumVisualStudioVersion = 10.0.40219.1
Project("{FAE04EC0-301F-11D3-BF4B-00C04F79EFBC}") = "Pumpkin.PiCollectioServer", "Pumpkin.PiCollectioServer.csproj", "{FE930DEC-C74E-48B0-8B62-868311624649}"
EndProject
Global
	GlobalSection(SolutionConfigurationPlatforms) = preSolution
		Debug|Any CPU = Debug|Any CPU
		Release|Any CPU = Release|Any CPU
	EndGlobalSection
	GlobalSection(ProjectConfigurationPlatforms) = postSolution
		{FE930DEC-C74E-48B0-8B62-868311624649}.Debug|Any CPU.ActiveCfg = Debug|Any CPU
		{FE930DEC-C74E-48B0-8B62-868311624649}.Debug|Any CPU.Build.0 = Debug|Any CPU
		{FE930DEC-C74E-48B0-8B62-868311624649}.Release|Any CPU.ActiveCfg = Release|Any CPU
		{FE930DEC-C74E-48B0-8B62-868311624649}.Release|Any CPU.Build.0 = Release|Any CPU
	EndGlobalSection
	GlobalSection(SolutionProperties) = preSolution
		HideSolutionNode = FALSE
	EndGlobalSection
	GlobalSection(ExtensibilityGlobals) = postSolution
		SolutionGuid = {2EB6968C-B764-464B-9D19-50E00023B693}
	EndGlobalSection
EndGlobal
